
Microsoft Visual Studio Solution File, Format Version 12.00
# Visual Studio 15
VisualStudioVersion = 15.0.27703.2035
MinimumVisualStudioVersion = 10.0.40219.1
Project("{FAE04EC0-301F-11D3-BF4B-00C04F79EFBC}") = "PdfAuthorVerifier", "PdfAuthorVerifier.csproj", "{51511337-D853-4373-9123-90A1AB823278}"
EndProject
Global
	GlobalSection(SolutionConfigurationPlatforms) = preSolution
		Debug|Any CPU = Debug|Any CPU
		Release|Any CPU = Release|Any CPU
	EndGlobalSection
	GlobalSection(ProjectConfigurationPlatforms) = postSolution
		{51511337-D853-4373-9123-90A1AB823278}.Debug|Any CPU.ActiveCfg = Debug|Any CPU
		{51511337-D853-4373-9123-90A1AB823278}.Debug|Any CPU.Build.0 = Debug|Any CPU
		{51511337-D853-4373-9123-90A1AB823278}.Release|Any CPU.ActiveCfg = Release|Any CPU
		{51511337-D853-4373-9123-90A1AB823278}.Release|Any CPU.Build.0 = Release|Any CPU
	EndGlobalSection
	GlobalSection(SolutionProperties) = preSolution
		HideSolutionNode = FALSE
	EndGlobalSection
	GlobalSection(ExtensibilityGlobals) = postSolution
		SolutionGuid = {CF4CD045-169E-4F02-A340-821F381DFBAF}
	EndGlobalSection
EndGlobal
